
Microsoft Visual Studio Solution File, Format Version 12.00
# Visual Studio Version 16
VisualStudioVersion = 16.0.31025.194
MinimumVisualStudioVersion = 10.0.40219.1
Project("{FAE04EC0-301F-11D3-BF4B-00C04F79EFBC}") = "WebApplication1", "WebApplication1\WebApplication1.csproj", "{F34BB484-D391-48DB-96C8-7D6FFA850EC6}"
EndProject
Global
	GlobalSection(SolutionConfigurationPlatforms) = preSolution
		Debug|Any CPU = Debug|Any CPU
		Release|Any CPU = Release|Any CPU
	EndGlobalSection
	GlobalSection(ProjectConfigurationPlatforms) = postSolution
		{F34BB484-D391-48DB-96C8-7D6FFA850EC6}.Debug|Any CPU.ActiveCfg = Debug|Any CPU
		{F34BB484-D391-48DB-96C8-7D6FFA850EC6}.Debug|Any CPU.Build.0 = Debug|Any CPU
		{F34BB484-D391-48DB-96C8-7D6FFA850EC6}.Release|Any CPU.ActiveCfg = Release|Any CPU
		{F34BB484-D391-48DB-96C8-7D6FFA850EC6}.Release|Any CPU.Build.0 = Release|Any CPU
	EndGlobalSection
	GlobalSection(SolutionProperties) = preSolution
		HideSolutionNode = FALSE
	EndGlobalSection
	GlobalSection(ExtensibilityGlobals) = postSolution
		SolutionGuid = {D8B84CEC-F0F1-44D2-BE9F-C55B422D885F}
	EndGlobalSection
EndGlobal
